
Microsoft Visual Studio Solution File, Format Version 12.00
# Visual Studio Version 17
VisualStudioVersion = 17.5.002.0
MinimumVisualStudioVersion = 10.0.40219.1
Project("{9A19103F-16F7-4668-BE54-9A1E7A4F7556}") = "MiappConsolaApp", "MiappConsolaApp.csproj", "{5E9C32D9-34C0-4A72-B4EA-ACD0D55FE7C9}"
EndProject
Global
	GlobalSection(SolutionConfigurationPlatforms) = preSolution
		Debug|Any CPU = Debug|Any CPU
		Release|Any CPU = Release|Any CPU
	EndGlobalSection
	GlobalSection(ProjectConfigurationPlatforms) = postSolution
		{5E9C32D9-34C0-4A72-B4EA-ACD0D55FE7C9}.Debug|Any CPU.ActiveCfg = Debug|Any CPU
		{5E9C32D9-34C0-4A72-B4EA-ACD0D55FE7C9}.Debug|Any CPU.Build.0 = Debug|Any CPU
		{5E9C32D9-34C0-4A72-B4EA-ACD0D55FE7C9}.Release|Any CPU.ActiveCfg = Release|Any CPU
		{5E9C32D9-34C0-4A72-B4EA-ACD0D55FE7C9}.Release|Any CPU.Build.0 = Release|Any CPU
	EndGlobalSection
	GlobalSection(SolutionProperties) = preSolution
		HideSolutionNode = FALSE
	EndGlobalSection
	GlobalSection(ExtensibilityGlobals) = postSolution
		SolutionGuid = {B9CD2783-EF69-4273-BEF8-214FD3EAC8DF}
	EndGlobalSection
EndGlobal
